
Microsoft Visual Studio Solution File, Format Version 12.00
# Visual Studio Version 17
VisualStudioVersion = 17.9.34622.214
MinimumVisualStudioVersion = 10.0.40219.1
Project("{9A19103F-16F7-4668-BE54-9A1E7A4F7556}") = "Web", "AspNetMvcProjekt\Web.csproj", "{E58221DB-DD51-4D67-AD1F-37C405F0FB22}"
EndProject
Project("{9A19103F-16F7-4668-BE54-9A1E7A4F7556}") = "Model", "Model\Model.csproj", "{AC26DF89-1505-40E4-A55B-CC6911A42517}"
EndProject
Project("{9A19103F-16F7-4668-BE54-9A1E7A4F7556}") = "DAL", "DAL\DAL.csproj", "{52D729B4-7A2F-46A5-9C0D-2A3702679581}"
EndProject
Project("{2150E333-8FDC-42A3-9474-1A3956D46DE8}") = "Solution Items", "Solution Items", "{E638A0F8-C62E-415E-AF82-718804533937}"
	ProjectSection(SolutionItems) = preProject
		.editorconfig = .editorconfig
		api-test-curls.txt = api-test-curls.txt
	EndProjectSection
EndProject
Global
	GlobalSection(SolutionConfigurationPlatforms) = preSolution
		Debug|Any CPU = Debug|Any CPU
		Release|Any CPU = Release|Any CPU
	EndGlobalSection
	GlobalSection(ProjectConfigurationPlatforms) = postSolution
		{E58221DB-DD51-4D67-AD1F-37C405F0FB22}.Debug|Any CPU.ActiveCfg = Debug|Any CPU
		{E58221DB-DD51-4D67-AD1F-37C405F0FB22}.Debug|Any CPU.Build.0 = Debug|Any CPU
		{E58221DB-DD51-4D67-AD1F-37C405F0FB22}.Release|Any CPU.ActiveCfg = Release|Any CPU
		{E58221DB-DD51-4D67-AD1F-37C405F0FB22}.Release|Any CPU.Build.0 = Release|Any CPU
		{AC26DF89-1505-40E4-A55B-CC6911A42517}.Debug|Any CPU.ActiveCfg = Debug|Any CPU
		{AC26DF89-1505-40E4-A55B-CC6911A42517}.Debug|Any CPU.Build.0 = Debug|Any CPU
		{AC26DF89-1505-40E4-A55B-CC6911A42517}.Release|Any CPU.ActiveCfg = Release|Any CPU
		{AC26DF89-1505-40E4-A55B-CC6911A42517}.Release|Any CPU.Build.0 = Release|Any CPU
		{52D729B4-7A2F-46A5-9C0D-2A3702679581}.Debug|Any CPU.ActiveCfg = Debug|Any CPU
		{52D729B4-7A2F-46A5-9C0D-2A3702679581}.Debug|Any CPU.Build.0 = Debug|Any CPU
		{52D729B4-7A2F-46A5-9C0D-2A3702679581}.Release|Any CPU.ActiveCfg = Release|Any CPU
		{52D729B4-7A2F-46A5-9C0D-2A3702679581}.Release|Any CPU.Build.0 = Release|Any CPU
	EndGlobalSection
	GlobalSection(SolutionProperties) = preSolution
		HideSolutionNode = FALSE
	EndGlobalSection
	GlobalSection(ExtensibilityGlobals) = postSolution
		SolutionGuid = {5C71EA17-8EBA-41F5-8E70-17D8693D8F8B}
	EndGlobalSection
EndGlobal
